
Microsoft Visual Studio Solution File, Format Version 12.00
# Visual Studio Version 17
VisualStudioVersion = 17.14.36310.24
MinimumVisualStudioVersion = 10.0.40219.1
Project("{FAE04EC0-301F-11D3-BF4B-00C04F79EFBC}") = "SportStore.API", "src\SportStore.API\SportStore.API.csproj", "{45036A2C-A9EF-41B2-B667-C4A45DBBC14B}"
EndProject
Project("{FAE04EC0-301F-11D3-BF4B-00C04F79EFBC}") = "SportStore.Models", "src\SportStore.Models\SportStore.Models.csproj", "{2AA00B9F-F474-4A5C-AA92-62124401F06D}"
EndProject
Project("{FAE04EC0-301F-11D3-BF4B-00C04F79EFBC}") = "SportStore.Data", "src\SportStore.Data\SportStore.Data.csproj", "{711D96EA-900A-4EB8-9478-9226E710A5E0}"
EndProject
Global
	GlobalSection(SolutionConfigurationPlatforms) = preSolution
		Debug|Any CPU = Debug|Any CPU
		Release|Any CPU = Release|Any CPU
	EndGlobalSection
	GlobalSection(ProjectConfigurationPlatforms) = postSolution
		{45036A2C-A9EF-41B2-B667-C4A45DBBC14B}.Debug|Any CPU.ActiveCfg = Debug|Any CPU
		{45036A2C-A9EF-41B2-B667-C4A45DBBC14B}.Debug|Any CPU.Build.0 = Debug|Any CPU
		{45036A2C-A9EF-41B2-B667-C4A45DBBC14B}.Release|Any CPU.ActiveCfg = Release|Any CPU
		{45036A2C-A9EF-41B2-B667-C4A45DBBC14B}.Release|Any CPU.Build.0 = Release|Any CPU
		{2AA00B9F-F474-4A5C-AA92-62124401F06D}.Debug|Any CPU.ActiveCfg = Debug|Any CPU
		{2AA00B9F-F474-4A5C-AA92-62124401F06D}.Debug|Any CPU.Build.0 = Debug|Any CPU
		{2AA00B9F-F474-4A5C-AA92-62124401F06D}.Release|Any CPU.ActiveCfg = Release|Any CPU
		{2AA00B9F-F474-4A5C-AA92-62124401F06D}.Release|Any CPU.Build.0 = Release|Any CPU
		{711D96EA-900A-4EB8-9478-9226E710A5E0}.Debug|Any CPU.ActiveCfg = Debug|Any CPU
		{711D96EA-900A-4EB8-9478-9226E710A5E0}.Debug|Any CPU.Build.0 = Debug|Any CPU
		{711D96EA-900A-4EB8-9478-9226E710A5E0}.Release|Any CPU.ActiveCfg = Release|Any CPU
		{711D96EA-900A-4EB8-9478-9226E710A5E0}.Release|Any CPU.Build.0 = Release|Any CPU
	EndGlobalSection
	GlobalSection(SolutionProperties) = preSolution
		HideSolutionNode = FALSE
	EndGlobalSection
	GlobalSection(ExtensibilityGlobals) = postSolution
		SolutionGuid = {512601EE-BD1C-425C-8D6B-DAF654FAA158}
	EndGlobalSection
EndGlobal
